
Microsoft Visual Studio Solution File, Format Version 12.00
# Visual Studio Version 16
VisualStudioVersion = 16.0.32126.315
MinimumVisualStudioVersion = 10.0.40219.1
Project("{9A19103F-16F7-4668-BE54-9A1E7A4F7556}") = "Contoso_Event_API", "Contoso_Event_API\Contoso_Event_API.csproj", "{CBE05AE3-2ABB-479A-B6C6-6C0F4E297051}"
EndProject
Project("{FAE04EC0-301F-11D3-BF4B-00C04F79EFBC}") = "Contoso_Event_API_Unit_Test", "Contoso_Event_API_Unit_Test\Contoso_Event_API_Unit_Test.csproj", "{C85884BF-63BB-41D7-8380-8034D831A9E2}"
EndProject
Project("{FAE04EC0-301F-11D3-BF4B-00C04F79EFBC}") = "Contoso_Event_API_Model", "Contoso_Event_API_Model\Contoso_Event_API_Model.csproj", "{D8CDB790-42E1-4061-A66A-67B12F2157B0}"
EndProject
Project("{FAE04EC0-301F-11D3-BF4B-00C04F79EFBC}") = "Contoso_Event_API_Services", "Contoso_Event_API_Services\Contoso_Event_API_Services.csproj", "{6A869B2B-B034-41A4-94D1-A1B6A8C56F61}"
EndProject
Project("{FAE04EC0-301F-11D3-BF4B-00C04F79EFBC}") = "Contoso_Event_API_Repository", "Contoso_Event_API_Repository\Contoso_Event_API_Repository.csproj", "{643B5920-FBE7-4B9B-85C3-F2E4BF20BC18}"
EndProject
Global
	GlobalSection(SolutionConfigurationPlatforms) = preSolution
		Debug|Any CPU = Debug|Any CPU
		Release|Any CPU = Release|Any CPU
	EndGlobalSection
	GlobalSection(ProjectConfigurationPlatforms) = postSolution
		{CBE05AE3-2ABB-479A-B6C6-6C0F4E297051}.Debug|Any CPU.ActiveCfg = Debug|Any CPU
		{CBE05AE3-2ABB-479A-B6C6-6C0F4E297051}.Debug|Any CPU.Build.0 = Debug|Any CPU
		{CBE05AE3-2ABB-479A-B6C6-6C0F4E297051}.Release|Any CPU.ActiveCfg = Release|Any CPU
		{CBE05AE3-2ABB-479A-B6C6-6C0F4E297051}.Release|Any CPU.Build.0 = Release|Any CPU
		{C85884BF-63BB-41D7-8380-8034D831A9E2}.Debug|Any CPU.ActiveCfg = Debug|Any CPU
		{C85884BF-63BB-41D7-8380-8034D831A9E2}.Debug|Any CPU.Build.0 = Debug|Any CPU
		{C85884BF-63BB-41D7-8380-8034D831A9E2}.Release|Any CPU.ActiveCfg = Release|Any CPU
		{C85884BF-63BB-41D7-8380-8034D831A9E2}.Release|Any CPU.Build.0 = Release|Any CPU
		{D8CDB790-42E1-4061-A66A-67B12F2157B0}.Debug|Any CPU.ActiveCfg = Debug|Any CPU
		{D8CDB790-42E1-4061-A66A-67B12F2157B0}.Debug|Any CPU.Build.0 = Debug|Any CPU
		{D8CDB790-42E1-4061-A66A-67B12F2157B0}.Release|Any CPU.ActiveCfg = Release|Any CPU
		{D8CDB790-42E1-4061-A66A-67B12F2157B0}.Release|Any CPU.Build.0 = Release|Any CPU
		{6A869B2B-B034-41A4-94D1-A1B6A8C56F61}.Debug|Any CPU.ActiveCfg = Debug|Any CPU
		{6A869B2B-B034-41A4-94D1-A1B6A8C56F61}.Debug|Any CPU.Build.0 = Debug|Any CPU
		{6A869B2B-B034-41A4-94D1-A1B6A8C56F61}.Release|Any CPU.ActiveCfg = Release|Any CPU
		{6A869B2B-B034-41A4-94D1-A1B6A8C56F61}.Release|Any CPU.Build.0 = Release|Any CPU
		{643B5920-FBE7-4B9B-85C3-F2E4BF20BC18}.Debug|Any CPU.ActiveCfg = Debug|Any CPU
		{643B5920-FBE7-4B9B-85C3-F2E4BF20BC18}.Debug|Any CPU.Build.0 = Debug|Any CPU
		{643B5920-FBE7-4B9B-85C3-F2E4BF20BC18}.Release|Any CPU.ActiveCfg = Release|Any CPU
		{643B5920-FBE7-4B9B-85C3-F2E4BF20BC18}.Release|Any CPU.Build.0 = Release|Any CPU
	EndGlobalSection
	GlobalSection(SolutionProperties) = preSolution
		HideSolutionNode = FALSE
	EndGlobalSection
	GlobalSection(ExtensibilityGlobals) = postSolution
		SolutionGuid = {AD733111-0CD9-4EC6-A230-727603BA6ACB}
	EndGlobalSection
EndGlobal
