
Microsoft Visual Studio Solution File, Format Version 12.00
# Visual Studio Version 16
VisualStudioVersion = 16.0.32126.315
MinimumVisualStudioVersion = 10.0.40219.1
Project("{9A19103F-16F7-4668-BE54-9A1E7A4F7556}") = "Contoso_Booking_API", "Contoso_Booking_API\Contoso_Booking_API.csproj", "{2D5723F8-501C-4D15-8969-7E11CBDC05A6}"
EndProject
Project("{FAE04EC0-301F-11D3-BF4B-00C04F79EFBC}") = "Contoso_Booking_API_Model", "Contoso_Booking_API_Model\Contoso_Booking_API_Model.csproj", "{0C1B7D5E-263B-4B1E-8E16-D9AD929133AD}"
EndProject
Project("{FAE04EC0-301F-11D3-BF4B-00C04F79EFBC}") = "Contoso_Booking_API_Services", "Contoso_Booking_API_Services\Contoso_Booking_API_Services.csproj", "{9BFFCDB1-7AAC-4609-8050-3A901DFB2200}"
EndProject
Project("{FAE04EC0-301F-11D3-BF4B-00C04F79EFBC}") = "Contoso_Booking_API_Repository", "Contoso_Booking_API_Repository\Contoso_Booking_API_Repository.csproj", "{9A1F0E76-5313-4373-AB7A-D91BE6E45B67}"
EndProject
Project("{FAE04EC0-301F-11D3-BF4B-00C04F79EFBC}") = "Contoso_Booking_API_Unit_Test", "Contoso_Booking_API_Unit_Test\Contoso_Booking_API_Unit_Test.csproj", "{A22E71A4-F28D-4261-9331-493BA50A4641}"
EndProject
Global
	GlobalSection(SolutionConfigurationPlatforms) = preSolution
		Debug|Any CPU = Debug|Any CPU
		Release|Any CPU = Release|Any CPU
	EndGlobalSection
	GlobalSection(ProjectConfigurationPlatforms) = postSolution
		{2D5723F8-501C-4D15-8969-7E11CBDC05A6}.Debug|Any CPU.ActiveCfg = Debug|Any CPU
		{2D5723F8-501C-4D15-8969-7E11CBDC05A6}.Debug|Any CPU.Build.0 = Debug|Any CPU
		{2D5723F8-501C-4D15-8969-7E11CBDC05A6}.Release|Any CPU.ActiveCfg = Release|Any CPU
		{2D5723F8-501C-4D15-8969-7E11CBDC05A6}.Release|Any CPU.Build.0 = Release|Any CPU
		{0C1B7D5E-263B-4B1E-8E16-D9AD929133AD}.Debug|Any CPU.ActiveCfg = Debug|Any CPU
		{0C1B7D5E-263B-4B1E-8E16-D9AD929133AD}.Debug|Any CPU.Build.0 = Debug|Any CPU
		{0C1B7D5E-263B-4B1E-8E16-D9AD929133AD}.Release|Any CPU.ActiveCfg = Release|Any CPU
		{0C1B7D5E-263B-4B1E-8E16-D9AD929133AD}.Release|Any CPU.Build.0 = Release|Any CPU
		{9BFFCDB1-7AAC-4609-8050-3A901DFB2200}.Debug|Any CPU.ActiveCfg = Debug|Any CPU
		{9BFFCDB1-7AAC-4609-8050-3A901DFB2200}.Debug|Any CPU.Build.0 = Debug|Any CPU
		{9BFFCDB1-7AAC-4609-8050-3A901DFB2200}.Release|Any CPU.ActiveCfg = Release|Any CPU
		{9BFFCDB1-7AAC-4609-8050-3A901DFB2200}.Release|Any CPU.Build.0 = Release|Any CPU
		{9A1F0E76-5313-4373-AB7A-D91BE6E45B67}.Debug|Any CPU.ActiveCfg = Debug|Any CPU
		{9A1F0E76-5313-4373-AB7A-D91BE6E45B67}.Debug|Any CPU.Build.0 = Debug|Any CPU
		{9A1F0E76-5313-4373-AB7A-D91BE6E45B67}.Release|Any CPU.ActiveCfg = Release|Any CPU
		{9A1F0E76-5313-4373-AB7A-D91BE6E45B67}.Release|Any CPU.Build.0 = Release|Any CPU
		{A22E71A4-F28D-4261-9331-493BA50A4641}.Debug|Any CPU.ActiveCfg = Debug|Any CPU
		{A22E71A4-F28D-4261-9331-493BA50A4641}.Debug|Any CPU.Build.0 = Debug|Any CPU
		{A22E71A4-F28D-4261-9331-493BA50A4641}.Release|Any CPU.ActiveCfg = Release|Any CPU
		{A22E71A4-F28D-4261-9331-493BA50A4641}.Release|Any CPU.Build.0 = Release|Any CPU
	EndGlobalSection
	GlobalSection(SolutionProperties) = preSolution
		HideSolutionNode = FALSE
	EndGlobalSection
	GlobalSection(ExtensibilityGlobals) = postSolution
		SolutionGuid = {ABD34C1D-ABDC-4D3C-A140-B7240B1AAAFB}
	EndGlobalSection
EndGlobal
